
Microsoft Visual Studio Solution File, Format Version 12.00
# Visual Studio 2012
Project("{8BC9CEB8-8B4A-11D0-8D11-00A0C91BC942}") = "core_tool", "CoreTool.vcxproj", "{EE6AFE5A-5166-466D-B037-5EFC19097BB6}"
EndProject
Project("{8BC9CEB8-8B4A-11D0-8D11-00A0C91BC942}") = "client_simulatior", "..\client_simulatior\client_simulatior.vcxproj", "{DF19DE40-BFE6-47F6-9E1D-7899332947EE}"
EndProject
Global
	GlobalSection(SolutionConfigurationPlatforms) = preSolution
		Debug|Win32 = Debug|Win32
		Release|Win32 = Release|Win32
	EndGlobalSection
	GlobalSection(ProjectConfigurationPlatforms) = postSolution
		{EE6AFE5A-5166-466D-B037-5EFC19097BB6}.Debug|Win32.ActiveCfg = Debug|Win32
		{EE6AFE5A-5166-466D-B037-5EFC19097BB6}.Debug|Win32.Build.0 = Debug|Win32
		{EE6AFE5A-5166-466D-B037-5EFC19097BB6}.Release|Win32.ActiveCfg = Release|Win32
		{EE6AFE5A-5166-466D-B037-5EFC19097BB6}.Release|Win32.Build.0 = Release|Win32
		{DF19DE40-BFE6-47F6-9E1D-7899332947EE}.Debug|Win32.ActiveCfg = Debug|Win32
		{DF19DE40-BFE6-47F6-9E1D-7899332947EE}.Debug|Win32.Build.0 = Debug|Win32
		{DF19DE40-BFE6-47F6-9E1D-7899332947EE}.Release|Win32.ActiveCfg = Release|Win32
		{DF19DE40-BFE6-47F6-9E1D-7899332947EE}.Release|Win32.Build.0 = Release|Win32
	EndGlobalSection
	GlobalSection(SolutionProperties) = preSolution
		HideSolutionNode = FALSE
	EndGlobalSection
EndGlobal
